<?xml version="1.0" encoding="utf-8"?>
<Project ToolsVersion="4.0" xmlns="http://schemas.microsoft.com/developer/msbuild/2003">
  <ItemGroup>
    <ClCompile Include="CollisionComponent.cpp" />
    <ClCompile Include="Component.cpp" />
    <ClCompile Include="Cube.cpp" />
    <ClCompile Include="CubeComponent.cpp" />
    <ClCompile Include="DiveComponent.cpp" />
    <ClCompile Include="DrawComponent.cpp" />
    <ClCompile Include="GameObject.cpp" />
    <ClCompile Include="GameState.cpp" />
    <ClCompile Include="GameStateManager.cpp" />
    <ClCompile Include="main.cpp" />
    <ClCompile Include="ModelComponent.cpp" />
    <ClCompile Include="MotionInput.cpp" />
    <ClCompile Include="MoveToComponent.cpp" />
    <ClCompile Include="ObjModel.cpp" />
    <ClCompile Include="ObstacleComponent.cpp" />
    <ClCompile Include="ObstacleGenerator.cpp" />
    <ClCompile Include="PlayerComponent.cpp" />
    <ClCompile Include="PlayingState.cpp" />
    <ClCompile Include="SkyboxComponent.cpp" />
    <ClCompile Include="Texture.cpp" />
    <ClCompile Include="TimerComponent.cpp" />
    <ClCompile Include="Vec.cpp" />
  </ItemGroup>
  <ItemGroup>
    <ClInclude Include="CollisionComponent.h" />
    <ClInclude Include="Component.h" />
    <ClInclude Include="Cube.h" />
    <ClInclude Include="CubeComponent.h" />
    <ClInclude Include="DiveComponent.h" />
    <ClInclude Include="DrawComponent.h" />
    <ClInclude Include="GameObject.h" />
    <ClInclude Include="GameState.h" />
    <ClInclude Include="GameStateManager.h" />
    <ClInclude Include="ModelComponent.h" />
    <ClInclude Include="MotionInput.h" />
    <ClInclude Include="MoveToComponent.h" />
    <ClInclude Include="ObjModel.h" />
    <ClInclude Include="ObstacleComponent.h" />
    <ClInclude Include="ObstacleGenerator.h" />
    <ClInclude Include="PlayerComponent.h" />
    <ClInclude Include="PlayingState.h" />
    <ClInclude Include="SkyboxComponent.h" />
    <ClInclude Include="stb_image.h" />
    <ClInclude Include="Texture.h" />
    <ClInclude Include="TextureVertex.h" />
    <ClInclude Include="TimerComponent.h" />
    <ClInclude Include="Vec.h" />
  </ItemGroup>
</Project>